
Microsoft Visual Studio Solution File, Format Version 12.00
# Visual Studio Version 17
VisualStudioVersion = 17.5.33031.425
MinimumVisualStudioVersion = 10.0.40219.1
Project("{FAE04EC0-301F-11D3-BF4B-00C04F79EFBC}") = "WebApplication278", "WebApplication278\WebApplication278.csproj", "{5DB0CE73-4551-4C89-A01E-99DBC553478C}"
EndProject
Project("{2150E333-8FDC-42A3-9474-1A3956D46DE8}") = "Workflows", "Workflows", "{63323F7B-980E-4CD0-B340-C5971A37251E}"
	ProjectSection(SolutionItems) = preProject
		.github\workflows\build-07f7d.yaml = .github\workflows\build-07f7d.yaml
	EndProjectSection
EndProject
Global
	GlobalSection(SolutionConfigurationPlatforms) = preSolution
		Debug|Any CPU = Debug|Any CPU
		Release|Any CPU = Release|Any CPU
	EndGlobalSection
	GlobalSection(ProjectConfigurationPlatforms) = postSolution
		{5DB0CE73-4551-4C89-A01E-99DBC553478C}.Debug|Any CPU.ActiveCfg = Debug|Any CPU
		{5DB0CE73-4551-4C89-A01E-99DBC553478C}.Debug|Any CPU.Build.0 = Debug|Any CPU
		{5DB0CE73-4551-4C89-A01E-99DBC553478C}.Release|Any CPU.ActiveCfg = Release|Any CPU
		{5DB0CE73-4551-4C89-A01E-99DBC553478C}.Release|Any CPU.Build.0 = Release|Any CPU
	EndGlobalSection
	GlobalSection(SolutionProperties) = preSolution
		HideSolutionNode = FALSE
	EndGlobalSection
	GlobalSection(ExtensibilityGlobals) = postSolution
		SolutionGuid = {247B3433-50FC-4920-8EFC-917BF7B2ED0B}
	EndGlobalSection
EndGlobal
